PODS:
  - AFNetworking (2.6.3):
    - AFNetworking/NSURLConnection (= 2.6.3)
    - AFNetworking/NSURLSession (= 2.6.3)
    - AFNetworking/Reachability (= 2.6.3)
    - AFNetworking/Security (= 2.6.3)
    - AFNetworking/Serialization (= 2.6.3)
    - AFNetworking/UIKit (= 2.6.3)
  - AFNetworking/NSURLConnection (2.6.3):
    - AFNetworking/Reachability
    - AFNetworking/Security
    - AFNetworking/Serialization
  - AFNetworking/NSURLSession (2.6.3):
    - AFNetworking/Reachability
    - AFNetworking/Security
    - AFNetworking/Serialization
  - AFNetworking/Reachability (2.6.3)
  - AFNetworking/Security (2.6.3)
  - AFNetworking/Serialization (2.6.3)
  - AFNetworking/UIKit (2.6.3):
    - AFNetworking/NSURLConnection
    - AFNetworking/NSURLSession
  - HDBaseProject (1.1.5):
    - AFNetworking (~> 2.6.3)
    - HDBaseProject/Catogorys (= 1.1.5)
    - HDBaseProject/HDBaseViewControllers (= 1.1.5)
    - HDBaseProject/HDGlobalMethods (= 1.1.5)
    - HDBaseProject/HDHTTPManager (= 1.1.5)
    - HDBaseProject/ThirdPartyLibs (= 1.1.5)
    - MJRefresh
    - SDWebImage
  - HDBaseProject/Catogorys (1.1.5):
    - AFNetworking (~> 2.6.3)
    - MJRefresh
    - SDWebImage
  - HDBaseProject/HDBaseViewControllers (1.1.5):
    - AFNetworking (~> 2.6.3)
    - HDBaseProject/Catogorys
    - HDBaseProject/HDGlobalMethods
    - HDBaseProject/ThirdPartyLibs
    - MJRefresh
    - SDWebImage
  - HDBaseProject/HDGlobalMethods (1.1.5):
    - AFNetworking (~> 2.6.3)
    - HDBaseProject/Catogorys
    - MJRefresh
    - SDWebImage
  - HDBaseProject/HDHTTPManager (1.1.5):
    - AFNetworking (~> 2.6.3)
    - MJRefresh
    - SDWebImage
  - HDBaseProject/ThirdPartyLibs (1.1.5):
    - AFNetworking (~> 2.6.3)
    - MJRefresh
    - SDWebImage
  - Mantle (2.0.7):
    - Mantle/extobjc (= 2.0.7)
  - Mantle/extobjc (2.0.7)
  - MBProgressHUD (0.9.2)
  - MIKMIDI (1.6.1)
  - MJRefresh (3.1.10)
  - SDWebImage (3.8.1):
    - SDWebImage/Core (= 3.8.1)
  - SDWebImage/Core (3.8.1)

DEPENDENCIES:
  - HDBaseProject
  - Mantle
  - MBProgressHUD
  - MIKMIDI

SPEC CHECKSUMS:
  AFNetworking: cb8d14a848e831097108418f5d49217339d4eb60
  HDBaseProject: 8f63b963d080f6468b06075acd97d60bde5e7566
  Mantle: bc40bb061d8c2c6fb48d5083e04d928c3b7f73d9
  MBProgressHUD: 1569cf7ace17a8bac47aabfbb8580a49690386d1
  MIKMIDI: ba2dae32a11dc4f1d980699e49ea1e30d013d101
  MJRefresh: bb72948c985914b0b5cecac573a2c69a8915fb02
  SDWebImage: 35f9627a3e44b4f292a8a8ce6a531fa488239b91

PODFILE CHECKSUM: efd8ad5ca8346685cd5ee0afa924cad487f880d1

COCOAPODS: 1.2.1
